
Microsoft Visual Studio Solution File, Format Version 12.00
# Visual Studio Version 16
VisualStudioVersion = 16.0.30611.23
MinimumVisualStudioVersion = 10.0.40219.1
Project("{FAE04EC0-301F-11D3-BF4B-00C04F79EFBC}") = "Line Comparison Problem", "Line Comparison Problem\Line Comparison Problem.csproj", "{48E98422-67C3-4739-BC24-DF2B474A86A7}"
EndProject
Global
	GlobalSection(SolutionConfigurationPlatforms) = preSolution
		Debug|Any CPU = Debug|Any CPU
		Release|Any CPU = Release|Any CPU
	EndGlobalSection
	GlobalSection(ProjectConfigurationPlatforms) = postSolution
		{48E98422-67C3-4739-BC24-DF2B474A86A7}.Debug|Any CPU.ActiveCfg = Debug|Any CPU
		{48E98422-67C3-4739-BC24-DF2B474A86A7}.Debug|Any CPU.Build.0 = Debug|Any CPU
		{48E98422-67C3-4739-BC24-DF2B474A86A7}.Release|Any CPU.ActiveCfg = Release|Any CPU
		{48E98422-67C3-4739-BC24-DF2B474A86A7}.Release|Any CPU.Build.0 = Release|Any CPU
	EndGlobalSection
	GlobalSection(SolutionProperties) = preSolution
		HideSolutionNode = FALSE
	EndGlobalSection
	GlobalSection(ExtensibilityGlobals) = postSolution
		SolutionGuid = {FD5A1012-6A2A-43BE-93FD-E7F36005C7A2}
	EndGlobalSection
EndGlobal
